
Microsoft Visual Studio Solution File, Format Version 12.00
# Visual Studio Version 16
VisualStudioVersion = 16.0.31129.286
MinimumVisualStudioVersion = 10.0.40219.1
Project("{FAE04EC0-301F-11D3-BF4B-00C04F79EFBC}") = "Entity_Component", "Entity_Component.csproj", "{7EC98DD4-7329-4856-8B57-9741CF9C68A5}"
EndProject
Project("{FAE04EC0-301F-11D3-BF4B-00C04F79EFBC}") = "Components", "..\Components\Components.csproj", "{AD0DADC8-6452-4583-A058-B50766778447}"
EndProject
Project("{FAE04EC0-301F-11D3-BF4B-00C04F79EFBC}") = "Entities", "..\Entities\Entities.csproj", "{66158139-362D-4731-9CDB-6C4CABCBA3F5}"
EndProject
Global
	GlobalSection(SolutionConfigurationPlatforms) = preSolution
		Debug|Any CPU = Debug|Any CPU
		Release|Any CPU = Release|Any CPU
	EndGlobalSection
	GlobalSection(ProjectConfigurationPlatforms) = postSolution
		{7EC98DD4-7329-4856-8B57-9741CF9C68A5}.Debug|Any CPU.ActiveCfg = Debug|Any CPU
		{7EC98DD4-7329-4856-8B57-9741CF9C68A5}.Debug|Any CPU.Build.0 = Debug|Any CPU
		{7EC98DD4-7329-4856-8B57-9741CF9C68A5}.Release|Any CPU.ActiveCfg = Release|Any CPU
		{7EC98DD4-7329-4856-8B57-9741CF9C68A5}.Release|Any CPU.Build.0 = Release|Any CPU
		{AD0DADC8-6452-4583-A058-B50766778447}.Debug|Any CPU.ActiveCfg = Debug|Any CPU
		{AD0DADC8-6452-4583-A058-B50766778447}.Debug|Any CPU.Build.0 = Debug|Any CPU
		{AD0DADC8-6452-4583-A058-B50766778447}.Release|Any CPU.ActiveCfg = Release|Any CPU
		{AD0DADC8-6452-4583-A058-B50766778447}.Release|Any CPU.Build.0 = Release|Any CPU
		{66158139-362D-4731-9CDB-6C4CABCBA3F5}.Debug|Any CPU.ActiveCfg = Debug|Any CPU
		{66158139-362D-4731-9CDB-6C4CABCBA3F5}.Debug|Any CPU.Build.0 = Debug|Any CPU
		{66158139-362D-4731-9CDB-6C4CABCBA3F5}.Release|Any CPU.ActiveCfg = Release|Any CPU
		{66158139-362D-4731-9CDB-6C4CABCBA3F5}.Release|Any CPU.Build.0 = Release|Any CPU
	EndGlobalSection
	GlobalSection(SolutionProperties) = preSolution
		HideSolutionNode = FALSE
	EndGlobalSection
	GlobalSection(ExtensibilityGlobals) = postSolution
		SolutionGuid = {DC7E5B34-EC32-45F3-8B31-DF9E681FB60C}
	EndGlobalSection
EndGlobal
