
Microsoft Visual Studio Solution File, Format Version 12.00
# Visual Studio Version 16
VisualStudioVersion = 16.0.31129.286
MinimumVisualStudioVersion = 10.0.40219.1
Project("{FAE04EC0-301F-11D3-BF4B-00C04F79EFBC}") = "Core", "Core.csproj", "{EDE2CCDB-4059-4C2E-B080-287DE2132488}"
EndProject
Project("{FAE04EC0-301F-11D3-BF4B-00C04F79EFBC}") = "Enums", "..\Enums\Enums.csproj", "{AD84E257-A7BC-4117-9151-1E2D45AC5026}"
EndProject
Global
	GlobalSection(SolutionConfigurationPlatforms) = preSolution
		Debug|Any CPU = Debug|Any CPU
		Release|Any CPU = Release|Any CPU
	EndGlobalSection
	GlobalSection(ProjectConfigurationPlatforms) = postSolution
		{EDE2CCDB-4059-4C2E-B080-287DE2132488}.Debug|Any CPU.ActiveCfg = Debug|Any CPU
		{EDE2CCDB-4059-4C2E-B080-287DE2132488}.Debug|Any CPU.Build.0 = Debug|Any CPU
		{EDE2CCDB-4059-4C2E-B080-287DE2132488}.Release|Any CPU.ActiveCfg = Release|Any CPU
		{EDE2CCDB-4059-4C2E-B080-287DE2132488}.Release|Any CPU.Build.0 = Release|Any CPU
		{AD84E257-A7BC-4117-9151-1E2D45AC5026}.Debug|Any CPU.ActiveCfg = Debug|Any CPU
		{AD84E257-A7BC-4117-9151-1E2D45AC5026}.Debug|Any CPU.Build.0 = Debug|Any CPU
		{AD84E257-A7BC-4117-9151-1E2D45AC5026}.Release|Any CPU.ActiveCfg = Release|Any CPU
		{AD84E257-A7BC-4117-9151-1E2D45AC5026}.Release|Any CPU.Build.0 = Release|Any CPU
	EndGlobalSection
	GlobalSection(SolutionProperties) = preSolution
		HideSolutionNode = FALSE
	EndGlobalSection
	GlobalSection(ExtensibilityGlobals) = postSolution
		SolutionGuid = {DF5F447B-5795-4F2F-BF3D-C8CC2E8B3895}
	EndGlobalSection
EndGlobal
